// !$*UTF8*$!
{
	archiveVersion = 1;
	classes = {
	};
	objectVersion = 56;
	objects = {

/* Begin PBXBuildFile section */
		1DDD46C12C74B33264312A8C /* Pods_DemoCrashlytics.framework in Frameworks */ = {isa = PBXBuildFile; fileRef = 663851D890DD0B2C7882992A /* Pods_DemoCrashlytics.framework */; };
		391A1EF3297E714D00A80E20 /* AppDelegate.swift in Sources */ = {isa = PBXBuildFile; fileRef = 391A1EF2297E714D00A80E20 /* AppDelegate.swift */; };
		391A1EF5297E714D00A80E20 /* SceneDelegate.swift in Sources */ = {isa = PBXBuildFile; fileRef = 391A1EF4297E714D00A80E20 /* SceneDelegate.swift */; };
		391A1EF7297E714D00A80E20 /* ViewController.swift in Sources */ = {isa = PBXBuildFile; fileRef = 391A1EF6297E714D00A80E20 /* ViewController.swift */; };
		391A1EFA297E714D00A80E20 /* Main.storyboard in Resources */ = {isa = PBXBuildFile; fileRef = 391A1EF8297E714D00A80E20 /* Main.storyboard */; };
		391A1EFC297E714F00A80E20 /* Assets.xcassets in Resources */ = {isa = PBXBuildFile; fileRef = 391A1EFB297E714F00A80E20 /* Assets.xcassets */; };
		391A1EFF297E714F00A80E20 /* LaunchScreen.storyboard in Resources */ = {isa = PBXBuildFile; fileRef = 391A1EFD297E714F00A80E20 /* LaunchScreen.storyboard */; };
/* End PBXBuildFile section */

/* Begin PBXFileReference section */
		391A1EEF297E714D00A80E20 /* DemoCrashlytics.app */ = {isa = PBXFileReference; explicitFileType = wrapper.application; includeInIndex = 0; path = DemoCrashlytics.app; sourceTree = BUILT_PRODUCTS_DIR; };
		391A1EF2297E714D00A80E20 /* AppDelegate.swift */ = {isa = PBXFileReference; lastKnownFileType = sourcecode.swift; path = AppDelegate.swift; sourceTree = "<group>"; };
		391A1EF4297E714D00A80E20 /* SceneDelegate.swift */ = {isa = PBXFileReference; lastKnownFileType = sourcecode.swift; path = SceneDelegate.swift; sourceTree = "<group>"; };
		391A1EF6297E714D00A80E20 /* ViewController.swift */ = {isa = PBXFileReference; lastKnownFileType = sourcecode.swift; path = ViewController.swift; sourceTree = "<group>"; };
		391A1EF9297E714D00A80E20 /* Base */ = {isa = PBXFileReference; lastKnownFileType = file.storyboard; name = Base; path = Base.lproj/Main.storyboard; sourceTree = "<group>"; };
		391A1EFB297E714F00A80E20 /* Assets.xcassets */ = {isa = PBXFileReference; lastKnownFileType = folder.assetcatalog; path = Assets.xcassets; sourceTree = "<group>"; };
		391A1EFE297E714F00A80E20 /* Base */ = {isa = PBXFileReference; lastKnownFileType = file.storyboard; name = Base; path = Base.lproj/LaunchScreen.storyboard; sourceTree = "<group>"; };
		391A1F00297E714F00A80E20 /* Info.plist */ = {isa = PBXFileReference; lastKnownFileType = text.plist.xml; path = Info.plist; sourceTree = "<group>"; };
		5F595774DF53198FD84728FD /* Pods-DemoCrashlytics.release.xcconfig */ = {isa = PBXFileReference; includeInIndex = 1; lastKnownFileType = text.xcconfig; name = "Pods-DemoCrashlytics.release.xcconfig"; path = "Target Support Files/Pods-DemoCrashlytics/Pods-DemoCrashlytics.release.xcconfig"; sourceTree = "<group>"; };
		663851D890DD0B2C7882992A /* Pods_DemoCrashlytics.framework */ = {isa = PBXFileReference; explicitFileType = wrapper.framework; includeInIndex = 0; path = Pods_DemoCrashlytics.framework; sourceTree = BUILT_PRODUCTS_DIR; };
		CB225029FC21BDA42BD920B0 /* Pods-DemoCrashlytics.debug.xcconfig */ = {isa = PBXFileReference; includeInIndex = 1; lastKnownFileType = text.xcconfig; name = "Pods-DemoCrashlytics.debug.xcconfig"; path = "Target Support Files/Pods-DemoCrashlytics/Pods-DemoCrashlytics.debug.xcconfig"; sourceTree = "<group>"; };
/* End PBXFileReference section */

/* Begin PBXFrameworksBuildPhase section */
		391A1EEC297E714D00A80E20 /* Frameworks */ = {
			isa = PBXFrameworksBuildPhase;
			buildActionMask = 2147483647;
			files = (
				1DDD46C12C74B33264312A8C /* Pods_DemoCrashlytics.framework in Frameworks */,
			);
			runOnlyForDeploymentPostprocessing = 0;
		};
/* End PBXFrameworksBuildPhase section */

/* Begin PBXGroup section */
		19784C0BFDC3050CDB8A390E /* Pods */ = {
			isa = PBXGroup;
			children = (
				CB225029FC21BDA42BD920B0 /* Pods-DemoCrashlytics.debug.xcconfig */,
				5F595774DF53198FD84728FD /* Pods-DemoCrashlytics.release.xcconfig */,
			);
			name = Pods;
			path = Pods;
			sourceTree = "<group>";
		};
		35050619CDA0779713B9486F /* Frameworks */ = {
			isa = PBXGroup;
			children = (
				663851D890DD0B2C7882992A /* Pods_DemoCrashlytics.framework */,
			);
			name = Frameworks;
			sourceTree = "<group>";
		};
		391A1EE6297E714D00A80E20 = {
			isa = PBXGroup;
			children = (
				391A1EF1297E714D00A80E20 /* DemoCrashlytics */,
				391A1EF0297E714D00A80E20 /* Products */,
				19784C0BFDC3050CDB8A390E /* Pods */,
				35050619CDA0779713B9486F /* Frameworks */,
			);
			sourceTree = "<group>";
		};
		391A1EF0297E714D00A80E20 /* Products */ = {
			isa = PBXGroup;
			children = (
				391A1EEF297E714D00A80E20 /* DemoCrashlytics.app */,
			);
			name = Products;
			sourceTree = "<group>";
		};
		391A1EF1297E714D00A80E20 /* DemoCrashlytics */ = {
			isa = PBXGroup;
			children = (
				391A1EF2297E714D00A80E20 /* AppDelegate.swift */,
				391A1EF4297E714D00A80E20 /* SceneDelegate.swift */,
				391A1EF6297E714D00A80E20 /* ViewController.swift */,
				391A1EF8297E714D00A80E20 /* Main.storyboard */,
				391A1EFB297E714F00A80E20 /* Assets.xcassets */,
				391A1EFD297E714F00A80E20 /* LaunchScreen.storyboard */,
				391A1F00297E714F00A80E20 /* Info.plist */,
			);
			path = DemoCrashlytics;
			sourceTree = "<group>";
		};
/* End PBXGroup section */

/* Begin PBXNativeTarget section */
		391A1EEE297E714D00A80E20 /* DemoCrashlytics */ = {
			isa = PBXNativeTarget;
			buildConfigurationList = 391A1F03297E714F00A80E20 /* Build configuration list for PBXNativeTarget "DemoCrashlytics" */;
			buildPhases = (
				6A6491FCF1C2C1DDCC1C3DFB /* [CP] Check Pods Manifest.lock */,
				391A1EEB297E714D00A80E20 /* Sources */,
				391A1EEC297E714D00A80E20 /* Frameworks */,
				391A1EED297E714D00A80E20 /* Resources */,
				FBA73570EF9B6F38479E0155 /* [CP] Embed Pods Frameworks */,
			);
			buildRules = (
			);
			dependencies = (
			);
			name = DemoCrashlytics;
			productName = DemoCrashlytics;
			productReference = 391A1EEF297E714D00A80E20 /* DemoCrashlytics.app */;
			productType = "com.apple.product-type.application";
		};
/* End PBXNativeTarget section */

/* Begin PBXProject section */
		391A1EE7297E714D00A80E20 /* Project object */ = {
			isa = PBXProject;
			attributes = {
				BuildIndependentTargetsInParallel = 1;
				LastSwiftUpdateCheck = 1400;
				LastUpgradeCheck = 1400;
				TargetAttributes = {
					391A1EEE297E714D00A80E20 = {
						CreatedOnToolsVersion = 14.0;
					};
				};
			};
			buildConfigurationList = 391A1EEA297E714D00A80E20 /* Build configuration list for PBXProject "DemoCrashlytics" */;
			compatibilityVersion = "Xcode 14.0";
			developmentRegion = en;
			hasScannedForEncodings = 0;
			knownRegions = (
				en,
				Base,
			);
			mainGroup = 391A1EE6297E714D00A80E20;
			productRefGroup = 391A1EF0297E714D00A80E20 /* Products */;
			projectDirPath = "";
			projectRoot = "";
			targets = (
				391A1EEE297E714D00A80E20 /* DemoCrashlytics */,
			);
		};
/* End PBXProject section */

/* Begin PBXResourcesBuildPhase section */
		391A1EED297E714D00A80E20 /* Resources */ = {
			isa = PBXResourcesBuildPhase;
			buildActionMask = 2147483647;
			files = (
				391A1EFF297E714F00A80E20 /* LaunchScreen.storyboard in Resources */,
				391A1EFC297E714F00A80E20 /* Assets.xcassets in Resources */,
				391A1EFA297E714D00A80E20 /* Main.storyboard in Resources */,
			);
			runOnlyForDeploymentPostprocessing = 0;
		};
/* End PBXResourcesBuildPhase section */

/* Begin PBXShellScriptBuildPhase section */
		6A6491FCF1C2C1DDCC1C3DFB /* [CP] Check Pods Manifest.lock */ = {
			isa = PBXShellScriptBuildPhase;
			buildActionMask = 2147483647;
			files = (
			);
			inputFileListPaths = (
			);
			inputPaths = (
				"${PODS_PODFILE_DIR_PATH}/Podfile.lock",
				"${PODS_ROOT}/Manifest.lock",
			);
			name = "[CP] Check Pods Manifest.lock";
			outputFileListPaths = (
			);
			outputPaths = (
				"$(DERIVED_FILE_DIR)/Pods-DemoCrashlytics-checkManifestLockResult.txt",
			);
			runOnlyForDeploymentPostprocessing = 0;
			shellPath = /bin/sh;
			shellScript = "diff \"${PODS_PODFILE_DIR_PATH}/Podfile.lock\" \"${PODS_ROOT}/Manifest.lock\" > /dev/null\nif [ $? != 0 ] ; then\n    # print error to STDERR\n    echo \"error: The sandbox is not in sync with the Podfile.lock. Run 'pod install' or update your CocoaPods installation.\" >&2\n    exit 1\nfi\n# This output is used by Xcode 'outputs' to avoid re-running this script phase.\necho \"SUCCESS\" > \"${SCRIPT_OUTPUT_FILE_0}\"\n";
			showEnvVarsInLog = 0;
		};
		FBA73570EF9B6F38479E0155 /* [CP] Embed Pods Frameworks */ = {
			isa = PBXShellScriptBuildPhase;
			buildActionMask = 2147483647;
			files = (
			);
			inputFileListPaths = (
				"${PODS_ROOT}/Target Support Files/Pods-DemoCrashlytics/Pods-DemoCrashlytics-frameworks-${CONFIGURATION}-input-files.xcfilelist",
			);
			name = "[CP] Embed Pods Frameworks";
			outputFileListPaths = (
				"${PODS_ROOT}/Target Support Files/Pods-DemoCrashlytics/Pods-DemoCrashlytics-frameworks-${CONFIGURATION}-output-files.xcfilelist",
			);
			runOnlyForDeploymentPostprocessing = 0;
			shellPath = /bin/sh;
			shellScript = "\"${PODS_ROOT}/Target Support Files/Pods-DemoCrashlytics/Pods-DemoCrashlytics-frameworks.sh\"\n";
			showEnvVarsInLog = 0;
		};
/* End PBXShellScriptBuildPhase section */

/* Begin PBXSourcesBuildPhase section */
		391A1EEB297E714D00A80E20 /* Sources */ = {
			isa = PBXSourcesBuildPhase;
			buildActionMask = 2147483647;
			files = (
				391A1EF7297E714D00A80E20 /* ViewController.swift in Sources */,
				391A1EF3297E714D00A80E20 /* AppDelegate.swift in Sources */,
				391A1EF5297E714D00A80E20 /* SceneDelegate.swift in Sources */,
			);
			runOnlyForDeploymentPostprocessing = 0;
		};
/* End PBXSourcesBuildPhase section */

/* Begin PBXVariantGroup section */
		391A1EF8297E714D00A80E20 /* Main.storyboard */ = {
			isa = PBXVariantGroup;
			children = (
				391A1EF9297E714D00A80E20 /* Base */,
			);
			name = Main.storyboard;
			sourceTree = "<group>";
		};
		391A1EFD297E714F00A80E20 /* LaunchScreen.storyboard */ = {
			isa = PBXVariantGroup;
			children = (
				391A1EFE297E714F00A80E20 /* Base */,
			);
			name = LaunchScreen.storyboard;
			sourceTree = "<group>";
		};
/* End PBXVariantGroup section */

/* Begin XCBuildConfiguration section */
		391A1F01297E714F00A80E20 /* Debug */ = {
			isa = XCBuildConfiguration;
			buildSettings = {
				ALWAYS_SEARCH_USER_PATHS = NO;
				CLANG_ANALYZER_NONNULL = YES;
				CLANG_ANALYZER_NUMBER_OBJECT_CONVERSION = YES_AGGRESSIVE;
				CLANG_CXX_LANGUAGE_STANDARD = "gnu++20";
				CLANG_ENABLE_MODULES = YES;
				CLANG_ENABLE_OBJC_ARC = YES;
				CLANG_ENABLE_OBJC_WEAK = YES;
				CLANG_WARN_BLOCK_CAPTURE_AUTORELEASING = YES;
				CLANG_WARN_BOOL_CONVERSION = YES;
				CLANG_WARN_COMMA = YES;
				CLANG_WARN_CONSTANT_CONVERSION = YES;
				CLANG_WARN_DEPRECATED_OBJC_IMPLEMENTATIONS = YES;
				CLANG_WARN_DIRECT_OBJC_ISA_USAGE = YES_ERROR;
				CLANG_WARN_DOCUMENTATION_COMMENTS = YES;
				CLANG_WARN_EMPTY_BODY = YES;
				CLANG_WARN_ENUM_CONVERSION = YES;
				CLANG_WARN_INFINITE_RECURSION = YES;
				CLANG_WARN_INT_CONVERSION = YES;
				CLANG_WARN_NON_LITERAL_NULL_CONVERSION = YES;
				CLANG_WARN_OBJC_IMPLICIT_RETAIN_SELF = YES;
				CLANG_WARN_OBJC_LITERAL_CONVERSION = YES;
				CLANG_WARN_OBJC_ROOT_CLASS = YES_ERROR;
				CLANG_WARN_QUOTED_INCLUDE_IN_FRAMEWORK_HEADER = YES;
				CLANG_WARN_RANGE_LOOP_ANALYSIS = YES;
				CLANG_WARN_STRICT_PROTOTYPES = YES;
				CLANG_WARN_SUSPICIOUS_MOVE = YES;
				CLANG_WARN_UNGUARDED_AVAILABILITY = YES_AGGRESSIVE;
				CLANG_WARN_UNREACHABLE_CODE = YES;
				CLANG_WARN__DUPLICATE_METHOD_MATCH = YES;
				COPY_PHASE_STRIP = NO;
				DEBUG_INFORMATION_FORMAT = dwarf;
				ENABLE_STRICT_OBJC_MSGSEND = YES;
				ENABLE_TESTABILITY = YES;
				GCC_C_LANGUAGE_STANDARD = gnu11;
				GCC_DYNAMIC_NO_PIC = NO;
				GCC_NO_COMMON_BLOCKS = YES;
				GCC_OPTIMIZATION_LEVEL = 0;
				GCC_PREPROCESSOR_DEFINITIONS = (
					"DEBUG=1",
					"$(inherited)",
				);
				GCC_WARN_64_TO_32_BIT_CONVERSION = YES;
				GCC_WARN_ABOUT_RETURN_TYPE = YES_ERROR;
				GCC_WARN_UNDECLARED_SELECTOR = YES;
				GCC_WARN_UNINITIALIZED_AUTOS = YES_AGGRESSIVE;
				GCC_WARN_UNUSED_FUNCTION = YES;
				GCC_WARN_UNUSED_VARIABLE = YES;
				IPHONEOS_DEPLOYMENT_TARGET = 16.0;
				MTL_ENABLE_DEBUG_INFO = INCLUDE_SOURCE;
				MTL_FAST_MATH = YES;
				ONLY_ACTIVE_ARCH = YES;
				SDKROOT = iphoneos;
				SWIFT_ACTIVE_COMPILATION_CONDITIONS = DEBUG;
				SWIFT_OPTIMIZATION_LEVEL = "-Onone";
			};
			name = Debug;
		};
		391A1F02297E714F00A80E20 /* Release */ = {
			isa = XCBuildConfiguration;
			buildSettings = {
				ALWAYS_SEARCH_USER_PATHS = NO;
				CLANG_ANALYZER_NONNULL = YES;
				CLANG_ANALYZER_NUMBER_OBJECT_CONVERSION = YES_AGGRESSIVE;
				CLANG_CXX_LANGUAGE_STANDARD = "gnu++20";
				CLANG_ENABLE_MODULES = YES;
				CLANG_ENABLE_OBJC_ARC = YES;
				CLANG_ENABLE_OBJC_WEAK = YES;
				CLANG_WARN_BLOCK_CAPTURE_AUTORELEASING = YES;
				CLANG_WARN_BOOL_CONVERSION = YES;
				CLANG_WARN_COMMA = YES;
				CLANG_WARN_CONSTANT_CONVERSION = YES;
				CLANG_WARN_DEPRECATED_OBJC_IMPLEMENTATIONS = YES;
				CLANG_WARN_DIRECT_OBJC_ISA_USAGE = YES_ERROR;
				CLANG_WARN_DOCUMENTATION_COMMENTS = YES;
				CLANG_WARN_EMPTY_BODY = YES;
				CLANG_WARN_ENUM_CONVERSION = YES;
				CLANG_WARN_INFINITE_RECURSION = YES;
				CLANG_WARN_INT_CONVERSION = YES;
				CLANG_WARN_NON_LITERAL_NULL_CONVERSION = YES;
				CLANG_WARN_OBJC_IMPLICIT_RETAIN_SELF = YES;
				CLANG_WARN_OBJC_LITERAL_CONVERSION = YES;
				CLANG_WARN_OBJC_ROOT_CLASS = YES_ERROR;
				CLANG_WARN_QUOTED_INCLUDE_IN_FRAMEWORK_HEADER = YES;
				CLANG_WARN_RANGE_LOOP_ANALYSIS = YES;
				CLANG_WARN_STRICT_PROTOTYPES = YES;
				CLANG_WARN_SUSPICIOUS_MOVE = YES;
				CLANG_WARN_UNGUARDED_AVAILABILITY = YES_AGGRESSIVE;
				CLANG_WARN_UNREACHABLE_CODE = YES;
				CLANG_WARN__DUPLICATE_METHOD_MATCH = YES;
				COPY_PHASE_STRIP = NO;
				DEBUG_INFORMATION_FORMAT = "dwarf-with-dsym";
				ENABLE_NS_ASSERTIONS = NO;
				ENABLE_STRICT_OBJC_MSGSEND = YES;
				GCC_C_LANGUAGE_STANDARD = gnu11;
				GCC_NO_COMMON_BLOCKS = YES;
				GCC_WARN_64_TO_32_BIT_CONVERSION = YES;
				GCC_WARN_ABOUT_RETURN_TYPE = YES_ERROR;
				GCC_WARN_UNDECLARED_SELECTOR = YES;
				GCC_WARN_UNINITIALIZED_AUTOS = YES_AGGRESSIVE;
				GCC_WARN_UNUSED_FUNCTION = YES;
				GCC_WARN_UNUSED_VARIABLE = YES;
				IPHONEOS_DEPLOYMENT_TARGET = 16.0;
				MTL_ENABLE_DEBUG_INFO = NO;
				MTL_FAST_MATH = YES;
				SDKROOT = iphoneos;
				SWIFT_COMPILATION_MODE = wholemodule;
				SWIFT_OPTIMIZATION_LEVEL = "-O";
				VALIDATE_PRODUCT = YES;
			};
			name = Release;
		};
		391A1F04297E714F00A80E20 /* Debug */ = {
			isa = XCBuildConfiguration;
			baseConfigurationReference = CB225029FC21BDA42BD920B0 /* Pods-DemoCrashlytics.debug.xcconfig */;
			buildSettings = {
				ASSETCATALOG_COMPILER_APPICON_NAME = AppIcon;
				ASSETCATALOG_COMPILER_GLOBAL_ACCENT_COLOR_NAME = AccentColor;
				CODE_SIGN_STYLE = Automatic;
				CURRENT_PROJECT_VERSION = 1;
				DEVELOPMENT_TEAM = 3266WF6C2V;
				GENERATE_INFOPLIST_FILE = YES;
				INFOPLIST_FILE = DemoCrashlytics/Info.plist;
				INFOPLIST_KEY_UIApplicationSupportsIndirectInputEvents = YES;
				INFOPLIST_KEY_UILaunchStoryboardName = LaunchScreen;
				INFOPLIST_KEY_UIMainStoryboardFile = Main;
				INFOPLIST_KEY_UISupportedInterfaceOrientations_iPad = "UIInterfaceOrientationPortrait UIInterfaceOrientationPortraitUpsideDown UIInterfaceOrientationLandscapeLeft UIInterfaceOrientationLandscapeRight";
				INFOPLIST_KEY_UISupportedInterfaceOrientations_iPhone = "UIInterfaceOrientationPortrait UIInterfaceOrientationLandscapeLeft UIInterfaceOrientationLandscapeRight";
				LD_RUNPATH_SEARCH_PATHS = (
					"$(inherited)",
					"@executable_path/Frameworks",
				);
				MARKETING_VERSION = 1.0;
				PRODUCT_BUNDLE_IDENTIFIER = com.menut.demo.crashlytics.DemoCrashlytics;
				PRODUCT_NAME = "$(TARGET_NAME)";
				SWIFT_EMIT_LOC_STRINGS = YES;
				SWIFT_VERSION = 5.0;
				TARGETED_DEVICE_FAMILY = "1,2";
			};
			name = Debug;
		};
		391A1F05297E714F00A80E20 /* Release */ = {
			isa = XCBuildConfiguration;
			baseConfigurationReference = 5F595774DF53198FD84728FD /* Pods-DemoCrashlytics.release.xcconfig */;
			buildSettings = {
				ASSETCATALOG_COMPILER_APPICON_NAME = AppIcon;
				ASSETCATALOG_COMPILER_GLOBAL_ACCENT_COLOR_NAME = AccentColor;
				CODE_SIGN_STYLE = Automatic;
				CURRENT_PROJECT_VERSION = 1;
				DEVELOPMENT_TEAM = 3266WF6C2V;
				GENERATE_INFOPLIST_FILE = YES;
				INFOPLIST_FILE = DemoCrashlytics/Info.plist;
				INFOPLIST_KEY_UIApplicationSupportsIndirectInputEvents = YES;
				INFOPLIST_KEY_UILaunchStoryboardName = LaunchScreen;
				INFOPLIST_KEY_UIMainStoryboardFile = Main;
				INFOPLIST_KEY_UISupportedInterfaceOrientations_iPad = "UIInterfaceOrientationPortrait UIInterfaceOrientationPortraitUpsideDown UIInterfaceOrientationLandscapeLeft UIInterfaceOrientationLandscapeRight";
				INFOPLIST_KEY_UISupportedInterfaceOrientations_iPhone = "UIInterfaceOrientationPortrait UIInterfaceOrientationLandscapeLeft UIInterfaceOrientationLandscapeRight";
				LD_RUNPATH_SEARCH_PATHS = (
					"$(inherited)",
					"@executable_path/Frameworks",
				);
				MARKETING_VERSION = 1.0;
				PRODUCT_BUNDLE_IDENTIFIER = com.menut.demo.crashlytics.DemoCrashlytics;
				PRODUCT_NAME = "$(TARGET_NAME)";
				SWIFT_EMIT_LOC_STRINGS = YES;
				SWIFT_VERSION = 5.0;
				TARGETED_DEVICE_FAMILY = "1,2";
			};
			name = Release;
		};
/* End XCBuildConfiguration section */

/* Begin XCConfigurationList section */
		391A1EEA297E714D00A80E20 /* Build configuration list for PBXProject "DemoCrashlytics" */ = {
			isa = XCConfigurationList;
			buildConfigurations = (
				391A1F01297E714F00A80E20 /* Debug */,
				391A1F02297E714F00A80E20 /* Release */,
			);
			defaultConfigurationIsVisible = 0;
			defaultConfigurationName = Release;
		};
		391A1F03297E714F00A80E20 /* Build configuration list for PBXNativeTarget "DemoCrashlytics" */ = {
			isa = XCConfigurationList;
			buildConfigurations = (
				391A1F04297E714F00A80E20 /* Debug */,
				391A1F05297E714F00A80E20 /* Release */,
			);
			defaultConfigurationIsVisible = 0;
			defaultConfigurationName = Release;
		};
/* End XCConfigurationList section */
	};
	rootObject = 391A1EE7297E714D00A80E20 /* Project object */;
}
